github.com/gen2brain/h265 v0.2.2 h1:rnpfo8I4PFhohbij8ySYZlJFn07TTwV+/uWBrKsOEas=
github.com/gen2brain/h265 v0.2.2/go.mod h1:kefpLxLhGpNCUG/q/aabJcD6GqB9Nhet3fNi9xX9Wzw=
github.com/gorilla/websocket v1.5.3 h1:saDtZ6Pbx/0u+bgYQ3q96pZgCzfhKXGPqt7kZ72aNNg=
github.com/gorilla/websocket v1.5.3/go.mod h1:YR8l580nyteQvAITg2hZ9XVh4b55+EU/adAjf1fMHhE=
